// !$*UTF8*$!
{
	archiveVersion = 1;
	classes = {
	};
	objectVersion = 50;
	objects = {

/* Begin PBXBuildFile section */
		188AA9432463AC9400BC7FFB /* PDFView.swift in Sources */ = {isa = PBXBuildFile; fileRef = 188AA9422463AC9400BC7FFB /* PDFView.swift */; };
		188AA9502463B29900BC7FFB /* OLEng.json in Resources */ = {isa = PBXBuildFile; fileRef = 188AA94F2463B29900BC7FFB /* OLEng.json */; };
		188AA9522463B2FD00BC7FFB /* OLEngListView.swift in Sources */ = {isa = PBXBuildFile; fileRef = 188AA9512463B2FD00BC7FFB /* OLEngListView.swift */; };
		188AA9542463B32800BC7FFB /* OLEngData.swift in Sources */ = {isa = PBXBuildFile; fileRef = 188AA9532463B32800BC7FFB /* OLEngData.swift */; };
		188AA9562463B38F00BC7FFB /* WebView.swift in Sources */ = {isa = PBXBuildFile; fileRef = 188AA9552463B38F00BC7FFB /* WebView.swift */; };
		189F8D292462C9A3000044F0 /* AppDelegate.swift in Sources */ = {isa = PBXBuildFile; fileRef = 189F8D282462C9A3000044F0 /* AppDelegate.swift */; };
		189F8D2B2462C9A3000044F0 /* SceneDelegate.swift in Sources */ = {isa = PBXBuildFile; fileRef = 189F8D2A2462C9A3000044F0 /* SceneDelegate.swift */; };
		189F8D2D2462C9A3000044F0 /* ContentView.swift in Sources */ = {isa = PBXBuildFile; fileRef = 189F8D2C2462C9A3000044F0 /* ContentView.swift */; };
		189F8D2F2462C9A5000044F0 /* Assets.xcassets in Resources */ = {isa = PBXBuildFile; fileRef = 189F8D2E2462C9A5000044F0 /* Assets.xcassets */; };
		189F8D322462C9A5000044F0 /* Preview Assets.xcassets in Resources */ = {isa = PBXBuildFile; fileRef = 189F8D312462C9A5000044F0 /* Preview Assets.xcassets */; };
		189F8D352462C9A5000044F0 /* LaunchScreen.storyboard in Resources */ = {isa = PBXBuildFile; fileRef = 189F8D332462C9A5000044F0 /* LaunchScreen.storyboard */; };
		18CA409D24670487004EE2D0 /* HomeView.swift in Sources */ = {isa = PBXBuildFile; fileRef = 18CA409C24670487004EE2D0 /* HomeView.swift */; };
/* End PBXBuildFile section */

/* Begin PBXCopyFilesBuildPhase section */
		188AA94A2463AD2D00BC7FFB /* Embed Frameworks */ = {
			isa = PBXCopyFilesBuildPhase;
			buildActionMask = 2147483647;
			dstPath = "";
			dstSubfolderSpec = 10;
			files = (
			);
			name = "Embed Frameworks";
			runOnlyForDeploymentPostprocessing = 0;
		};
/* End PBXCopyFilesBuildPhase section */

/* Begin PBXFileReference section */
		188AA9422463AC9400BC7FFB /* PDFView.swift */ = {isa = PBXFileReference; lastKnownFileType = sourcecode.swift; path = PDFView.swift; sourceTree = "<group>"; };
		188AA94F2463B29900BC7FFB /* OLEng.json */ = {isa = PBXFileReference; lastKnownFileType = text.json; path = OLEng.json; sourceTree = "<group>"; };
		188AA9512463B2FD00BC7FFB /* OLEngListView.swift */ = {isa = PBXFileReference; lastKnownFileType = sourcecode.swift; path = OLEngListView.swift; sourceTree = "<group>"; };
		188AA9532463B32800BC7FFB /* OLEngData.swift */ = {isa = PBXFileReference; lastKnownFileType = sourcecode.swift; path = OLEngData.swift; sourceTree = "<group>"; };
		188AA9552463B38F00BC7FFB /* WebView.swift */ = {isa = PBXFileReference; lastKnownFileType = sourcecode.swift; path = WebView.swift; sourceTree = "<group>"; };
		189F8D252462C9A3000044F0 /* PastPaperO-Test.app */ = {isa = PBXFileReference; explicitFileType = wrapper.application; includeInIndex = 0; path = "PastPaperO-Test.app"; sourceTree = BUILT_PRODUCTS_DIR; };
		189F8D282462C9A3000044F0 /* AppDelegate.swift */ = {isa = PBXFileReference; lastKnownFileType = sourcecode.swift; path = AppDelegate.swift; sourceTree = "<group>"; };
		189F8D2A2462C9A3000044F0 /* SceneDelegate.swift */ = {isa = PBXFileReference; lastKnownFileType = sourcecode.swift; path = SceneDelegate.swift; sourceTree = "<group>"; };
		189F8D2C2462C9A3000044F0 /* ContentView.swift */ = {isa = PBXFileReference; lastKnownFileType = sourcecode.swift; path = ContentView.swift; sourceTree = "<group>"; };
		189F8D2E2462C9A5000044F0 /* Assets.xcassets */ = {isa = PBXFileReference; lastKnownFileType = folder.assetcatalog; path = Assets.xcassets; sourceTree = "<group>"; };
		189F8D312462C9A5000044F0 /* Preview Assets.xcassets */ = {isa = PBXFileReference; lastKnownFileType = folder.assetcatalog; path = "Preview Assets.xcassets"; sourceTree = "<group>"; };
		189F8D342462C9A5000044F0 /* Base */ = {isa = PBXFileReference; lastKnownFileType = file.storyboard; name = Base; path = Base.lproj/LaunchScreen.storyboard; sourceTree = "<group>"; };
		189F8D362462C9A5000044F0 /* Info.plist */ = {isa = PBXFileReference; lastKnownFileType = text.plist.xml; path = Info.plist; sourceTree = "<group>"; };
		18CA409C24670487004EE2D0 /* HomeView.swift */ = {isa = PBXFileReference; lastKnownFileType = sourcecode.swift; path = HomeView.swift; sourceTree = "<group>"; };
/* End PBXFileReference section */

/* Begin PBXFrameworksBuildPhase section */
		189F8D222462C9A3000044F0 /* Frameworks */ = {
			isa = PBXFrameworksBuildPhase;
			buildActionMask = 2147483647;
			files = (
			);
			runOnlyForDeploymentPostprocessing = 0;
		};
/* End PBXFrameworksBuildPhase section */

/* Begin PBXGroup section */
		189F8D1C2462C9A3000044F0 = {
			isa = PBXGroup;
			children = (
				189F8D272462C9A3000044F0 /* PastPaperO-Test */,
				189F8D262462C9A3000044F0 /* Products */,
			);
			sourceTree = "<group>";
		};
		189F8D262462C9A3000044F0 /* Products */ = {
			isa = PBXGroup;
			children = (
				189F8D252462C9A3000044F0 /* PastPaperO-Test.app */,
			);
			name = Products;
			sourceTree = "<group>";
		};
		189F8D272462C9A3000044F0 /* PastPaperO-Test */ = {
			isa = PBXGroup;
			children = (
				189F8D282462C9A3000044F0 /* AppDelegate.swift */,
				189F8D2A2462C9A3000044F0 /* SceneDelegate.swift */,
				189F8D2C2462C9A3000044F0 /* ContentView.swift */,
				18CA409C24670487004EE2D0 /* HomeView.swift */,
				188AA9512463B2FD00BC7FFB /* OLEngListView.swift */,
				188AA9532463B32800BC7FFB /* OLEngData.swift */,
				188AA9552463B38F00BC7FFB /* WebView.swift */,
				188AA9422463AC9400BC7FFB /* PDFView.swift */,
				188AA94F2463B29900BC7FFB /* OLEng.json */,
				189F8D2E2462C9A5000044F0 /* Assets.xcassets */,
				189F8D332462C9A5000044F0 /* LaunchScreen.storyboard */,
				189F8D362462C9A5000044F0 /* Info.plist */,
				189F8D302462C9A5000044F0 /* Preview Content */,
			);
			path = "PastPaperO-Test";
			sourceTree = "<group>";
		};
		189F8D302462C9A5000044F0 /* Preview Content */ = {
			isa = PBXGroup;
			children = (
				189F8D312462C9A5000044F0 /* Preview Assets.xcassets */,
			);
			path = "Preview Content";
			sourceTree = "<group>";
		};
/* End PBXGroup section */

/* Begin PBXNativeTarget section */
		189F8D242462C9A3000044F0 /* PastPaperO-Test */ = {
			isa = PBXNativeTarget;
			buildConfigurationList = 189F8D392462C9A5000044F0 /* Build configuration list for PBXNativeTarget "PastPaperO-Test" */;
			buildPhases = (
				189F8D212462C9A3000044F0 /* Sources */,
				189F8D222462C9A3000044F0 /* Frameworks */,
				189F8D232462C9A3000044F0 /* Resources */,
				188AA94A2463AD2D00BC7FFB /* Embed Frameworks */,
			);
			buildRules = (
			);
			dependencies = (
			);
			name = "PastPaperO-Test";
			productName = "PastPaperO-Test";
			productReference = 189F8D252462C9A3000044F0 /* PastPaperO-Test.app */;
			productType = "com.apple.product-type.application";
		};
/* End PBXNativeTarget section */

/* Begin PBXProject section */
		189F8D1D2462C9A3000044F0 /* Project object */ = {
			isa = PBXProject;
			attributes = {
				LastSwiftUpdateCheck = 1140;
				LastUpgradeCheck = 1140;
				ORGANIZATIONNAME = Rhapsody;
				TargetAttributes = {
					189F8D242462C9A3000044F0 = {
						CreatedOnToolsVersion = 11.4.1;
					};
				};
			};
			buildConfigurationList = 189F8D202462C9A3000044F0 /* Build configuration list for PBXProject "PastPaperO-Test" */;
			compatibilityVersion = "Xcode 9.3";
			developmentRegion = en;
			hasScannedForEncodings = 0;
			knownRegions = (
				en,
				Base,
			);
			mainGroup = 189F8D1C2462C9A3000044F0;
			productRefGroup = 189F8D262462C9A3000044F0 /* Products */;
			projectDirPath = "";
			projectRoot = "";
			targets = (
				189F8D242462C9A3000044F0 /* PastPaperO-Test */,
			);
		};
/* End PBXProject section */

/* Begin PBXResourcesBuildPhase section */
		189F8D232462C9A3000044F0 /* Resources */ = {
			isa = PBXResourcesBuildPhase;
			buildActionMask = 2147483647;
			files = (
				188AA9502463B29900BC7FFB /* OLEng.json in Resources */,
				189F8D352462C9A5000044F0 /* LaunchScreen.storyboard in Resources */,
				189F8D322462C9A5000044F0 /* Preview Assets.xcassets in Resources */,
				189F8D2F2462C9A5000044F0 /* Assets.xcassets in Resources */,
			);
			runOnlyForDeploymentPostprocessing = 0;
		};
/* End PBXResourcesBuildPhase section */

/* Begin PBXSourcesBuildPhase section */
		189F8D212462C9A3000044F0 /* Sources */ = {
			isa = PBXSourcesBuildPhase;
			buildActionMask = 2147483647;
			files = (
				188AA9522463B2FD00BC7FFB /* OLEngListView.swift in Sources */,
				188AA9542463B32800BC7FFB /* OLEngData.swift in Sources */,
				189F8D292462C9A3000044F0 /* AppDelegate.swift in Sources */,
				189F8D2B2462C9A3000044F0 /* SceneDelegate.swift in Sources */,
				188AA9432463AC9400BC7FFB /* PDFView.swift in Sources */,
				18CA409D24670487004EE2D0 /* HomeView.swift in Sources */,
				189F8D2D2462C9A3000044F0 /* ContentView.swift in Sources */,
				188AA9562463B38F00BC7FFB /* WebView.swift in Sources */,
			);
			runOnlyForDeploymentPostprocessing = 0;
		};
/* End PBXSourcesBuildPhase section */

/* Begin PBXVariantGroup section */
		189F8D332462C9A5000044F0 /* LaunchScreen.storyboard */ = {
			isa = PBXVariantGroup;
			children = (
				189F8D342462C9A5000044F0 /* Base */,
			);
			name = LaunchScreen.storyboard;
			sourceTree = "<group>";
		};
/* End PBXVariantGroup section */

/* Begin XCBuildConfiguration section */
		189F8D372462C9A5000044F0 /* Debug */ = {
			isa = XCBuildConfiguration;
			buildSettings = {
				ALWAYS_SEARCH_USER_PATHS = NO;
				CLANG_ANALYZER_NONNULL = YES;
				CLANG_ANALYZER_NUMBER_OBJECT_CONVERSION = YES_AGGRESSIVE;
				CLANG_CXX_LANGUAGE_STANDARD = "gnu++14";
				CLANG_CXX_LIBRARY = "libc++";
				CLANG_ENABLE_MODULES = YES;
				CLANG_ENABLE_OBJC_ARC = YES;
				CLANG_ENABLE_OBJC_WEAK = YES;
				CLANG_WARN_BLOCK_CAPTURE_AUTORELEASING = YES;
				CLANG_WARN_BOOL_CONVERSION = YES;
				CLANG_WARN_COMMA = YES;
				CLANG_WARN_CONSTANT_CONVERSION = YES;
				CLANG_WARN_DEPRECATED_OBJC_IMPLEMENTATIONS = YES;
				CLANG_WARN_DIRECT_OBJC_ISA_USAGE = YES_ERROR;
				CLANG_WARN_DOCUMENTATION_COMMENTS = YES;
				CLANG_WARN_EMPTY_BODY = YES;
				CLANG_WARN_ENUM_CONVERSION = YES;
				CLANG_WARN_INFINITE_RECURSION = YES;
				CLANG_WARN_INT_CONVERSION = YES;
				CLANG_WARN_NON_LITERAL_NULL_CONVERSION = YES;
				CLANG_WARN_OBJC_IMPLICIT_RETAIN_SELF = YES;
				CLANG_WARN_OBJC_LITERAL_CONVERSION = YES;
				CLANG_WARN_OBJC_ROOT_CLASS = YES_ERROR;
				CLANG_WARN_RANGE_LOOP_ANALYSIS = YES;
				CLANG_WARN_STRICT_PROTOTYPES = YES;
				CLANG_WARN_SUSPICIOUS_MOVE = YES;
				CLANG_WARN_UNGUARDED_AVAILABILITY = YES_AGGRESSIVE;
				CLANG_WARN_UNREACHABLE_CODE = YES;
				CLANG_WARN__DUPLICATE_METHOD_MATCH = YES;
				COPY_PHASE_STRIP = NO;
				DEBUG_INFORMATION_FORMAT = dwarf;
				ENABLE_STRICT_OBJC_MSGSEND = YES;
				ENABLE_TESTABILITY = YES;
				GCC_C_LANGUAGE_STANDARD = gnu11;
				GCC_DYNAMIC_NO_PIC = NO;
				GCC_NO_COMMON_BLOCKS = YES;
				GCC_OPTIMIZATION_LEVEL = 0;
				GCC_PREPROCESSOR_DEFINITIONS = (
					"DEBUG=1",
					"$(inherited)",
				);
				GCC_WARN_64_TO_32_BIT_CONVERSION = YES;
				GCC_WARN_ABOUT_RETURN_TYPE = YES_ERROR;
				GCC_WARN_UNDECLARED_SELECTOR = YES;
				GCC_WARN_UNINITIALIZED_AUTOS = YES_AGGRESSIVE;
				GCC_WARN_UNUSED_FUNCTION = YES;
				GCC_WARN_UNUSED_VARIABLE = YES;
				IPHONEOS_DEPLOYMENT_TARGET = 13.4;
				MTL_ENABLE_DEBUG_INFO = INCLUDE_SOURCE;
				MTL_FAST_MATH = YES;
				ONLY_ACTIVE_ARCH = YES;
				SDKROOT = iphoneos;
				SWIFT_ACTIVE_COMPILATION_CONDITIONS = DEBUG;
				SWIFT_OPTIMIZATION_LEVEL = "-Onone";
			};
			name = Debug;
		};
		189F8D382462C9A5000044F0 /* Release */ = {
			isa = XCBuildConfiguration;
			buildSettings = {
				ALWAYS_SEARCH_USER_PATHS = NO;
				CLANG_ANALYZER_NONNULL = YES;
				CLANG_ANALYZER_NUMBER_OBJECT_CONVERSION = YES_AGGRESSIVE;
				CLANG_CXX_LANGUAGE_STANDARD = "gnu++14";
				CLANG_CXX_LIBRARY = "libc++";
				CLANG_ENABLE_MODULES = YES;
				CLANG_ENABLE_OBJC_ARC = YES;
				CLANG_ENABLE_OBJC_WEAK = YES;
				CLANG_WARN_BLOCK_CAPTURE_AUTORELEASING = YES;
				CLANG_WARN_BOOL_CONVERSION = YES;
				CLANG_WARN_COMMA = YES;
				CLANG_WARN_CONSTANT_CONVERSION = YES;
				CLANG_WARN_DEPRECATED_OBJC_IMPLEMENTATIONS = YES;
				CLANG_WARN_DIRECT_OBJC_ISA_USAGE = YES_ERROR;
				CLANG_WARN_DOCUMENTATION_COMMENTS = YES;
				CLANG_WARN_EMPTY_BODY = YES;
				CLANG_WARN_ENUM_CONVERSION = YES;
				CLANG_WARN_INFINITE_RECURSION = YES;
				CLANG_WARN_INT_CONVERSION = YES;
				CLANG_WARN_NON_LITERAL_NULL_CONVERSION = YES;
				CLANG_WARN_OBJC_IMPLICIT_RETAIN_SELF = YES;
				CLANG_WARN_OBJC_LITERAL_CONVERSION = YES;
				CLANG_WARN_OBJC_ROOT_CLASS = YES_ERROR;
				CLANG_WARN_RANGE_LOOP_ANALYSIS = YES;
				CLANG_WARN_STRICT_PROTOTYPES = YES;
				CLANG_WARN_SUSPICIOUS_MOVE = YES;
				CLANG_WARN_UNGUARDED_AVAILABILITY = YES_AGGRESSIVE;
				CLANG_WARN_UNREACHABLE_CODE = YES;
				CLANG_WARN__DUPLICATE_METHOD_MATCH = YES;
				COPY_PHASE_STRIP = NO;
				DEBUG_INFORMATION_FORMAT = "dwarf-with-dsym";
				ENABLE_NS_ASSERTIONS = NO;
				ENABLE_STRICT_OBJC_MSGSEND = YES;
				GCC_C_LANGUAGE_STANDARD = gnu11;
				GCC_NO_COMMON_BLOCKS = YES;
				GCC_WARN_64_TO_32_BIT_CONVERSION = YES;
				GCC_WARN_ABOUT_RETURN_TYPE = YES_ERROR;
				GCC_WARN_UNDECLARED_SELECTOR = YES;
				GCC_WARN_UNINITIALIZED_AUTOS = YES_AGGRESSIVE;
				GCC_WARN_UNUSED_FUNCTION = YES;
				GCC_WARN_UNUSED_VARIABLE = YES;
				IPHONEOS_DEPLOYMENT_TARGET = 13.4;
				MTL_ENABLE_DEBUG_INFO = NO;
				MTL_FAST_MATH = YES;
				SDKROOT = iphoneos;
				SWIFT_COMPILATION_MODE = wholemodule;
				SWIFT_OPTIMIZATION_LEVEL = "-O";
				VALIDATE_PRODUCT = YES;
			};
			name = Release;
		};
		189F8D3A2462C9A5000044F0 /* Debug */ = {
			isa = XCBuildConfiguration;
			buildSettings = {
				ASSETCATALOG_COMPILER_APPICON_NAME = AppIcon;
				CODE_SIGN_STYLE = Automatic;
				DEVELOPMENT_ASSET_PATHS = "\"PastPaperO-Test/Preview Content\"";
				DEVELOPMENT_TEAM = 6MM6Y2NK23;
				ENABLE_PREVIEWS = YES;
				INFOPLIST_FILE = "PastPaperO-Test/Info.plist";
				LD_RUNPATH_SEARCH_PATHS = (
					"$(inherited)",
					"@executable_path/Frameworks",
				);
				PRODUCT_BUNDLE_IDENTIFIER = "Patrick.PastPaperO-Test";
				PRODUCT_NAME = "$(TARGET_NAME)";
				SWIFT_VERSION = 5.0;
				TARGETED_DEVICE_FAMILY = "1,2";
			};
			name = Debug;
		};
		189F8D3B2462C9A5000044F0 /* Release */ = {
			isa = XCBuildConfiguration;
			buildSettings = {
				ASSETCATALOG_COMPILER_APPICON_NAME = AppIcon;
				CODE_SIGN_STYLE = Automatic;
				DEVELOPMENT_ASSET_PATHS = "\"PastPaperO-Test/Preview Content\"";
				DEVELOPMENT_TEAM = 6MM6Y2NK23;
				ENABLE_PREVIEWS = YES;
				INFOPLIST_FILE = "PastPaperO-Test/Info.plist";
				LD_RUNPATH_SEARCH_PATHS = (
					"$(inherited)",
					"@executable_path/Frameworks",
				);
				PRODUCT_BUNDLE_IDENTIFIER = "Patrick.PastPaperO-Test";
				PRODUCT_NAME = "$(TARGET_NAME)";
				SWIFT_VERSION = 5.0;
				TARGETED_DEVICE_FAMILY = "1,2";
			};
			name = Release;
		};
/* End XCBuildConfiguration section */

/* Begin XCConfigurationList section */
		189F8D202462C9A3000044F0 /* Build configuration list for PBXProject "PastPaperO-Test" */ = {
			isa = XCConfigurationList;
			buildConfigurations = (
				189F8D372462C9A5000044F0 /* Debug */,
				189F8D382462C9A5000044F0 /* Release */,
			);
			defaultConfigurationIsVisible = 0;
			defaultConfigurationName = Release;
		};
		189F8D392462C9A5000044F0 /* Build configuration list for PBXNativeTarget "PastPaperO-Test" */ = {
			isa = XCConfigurationList;
			buildConfigurations = (
				189F8D3A2462C9A5000044F0 /* Debug */,
				189F8D3B2462C9A5000044F0 /* Release */,
			);
			defaultConfigurationIsVisible = 0;
			defaultConfigurationName = Release;
		};
/* End XCConfigurationList section */
	};
	rootObject = 189F8D1D2462C9A3000044F0 /* Project object */;
}
